
Microsoft Visual Studio Solution File, Format Version 12.00
# Visual Studio Version 17
VisualStudioVersion = 17.10.34916.146
MinimumVisualStudioVersion = 10.0.40219.1
Project("{FAE04EC0-301F-11D3-BF4B-00C04F79EFBC}") = "ffmpegplayer", "ffmpegplayer\ffmpegplayer.csproj", "{C03CC4E1-2912-46FB-9E0E-49B7E337BB4C}"
EndProject
Global
	GlobalSection(SolutionConfigurationPlatforms) = preSolution
		Debug|Any CPU = Debug|Any CPU
		Release|Any CPU = Release|Any CPU
	EndGlobalSection
	GlobalSection(ProjectConfigurationPlatforms) = postSolution
		{C03CC4E1-2912-46FB-9E0E-49B7E337BB4C}.Debug|Any CPU.ActiveCfg = Debug|Any CPU
		{C03CC4E1-2912-46FB-9E0E-49B7E337BB4C}.Debug|Any CPU.Build.0 = Debug|Any CPU
		{C03CC4E1-2912-46FB-9E0E-49B7E337BB4C}.Release|Any CPU.ActiveCfg = Release|Any CPU
		{C03CC4E1-2912-46FB-9E0E-49B7E337BB4C}.Release|Any CPU.Build.0 = Release|Any CPU
	EndGlobalSection
	GlobalSection(SolutionProperties) = preSolution
		HideSolutionNode = FALSE
	EndGlobalSection
	GlobalSection(ExtensibilityGlobals) = postSolution
		SolutionGuid = {C9B6D992-33E5-4583-9B20-42C9C3ABDEF1}
	EndGlobalSection
EndGlobal
